
Microsoft Visual Studio Solution File, Format Version 12.00
# Visual Studio Version 16
VisualStudioVersion = 16.0.31025.194
MinimumVisualStudioVersion = 10.0.40219.1
Project("{FAE04EC0-301F-11D3-BF4B-00C04F79EFBC}") = "Ping Program", "Ping Program\Ping Program.csproj", "{FDE9122E-47BC-4C04-871F-8B5BFB3091DA}"
EndProject
Global
	GlobalSection(SolutionConfigurationPlatforms) = preSolution
		Debug|Any CPU = Debug|Any CPU
		Release|Any CPU = Release|Any CPU
	EndGlobalSection
	GlobalSection(ProjectConfigurationPlatforms) = postSolution
		{FDE9122E-47BC-4C04-871F-8B5BFB3091DA}.Debug|Any CPU.ActiveCfg = Debug|Any CPU
		{FDE9122E-47BC-4C04-871F-8B5BFB3091DA}.Debug|Any CPU.Build.0 = Debug|Any CPU
		{FDE9122E-47BC-4C04-871F-8B5BFB3091DA}.Release|Any CPU.ActiveCfg = Release|Any CPU
		{FDE9122E-47BC-4C04-871F-8B5BFB3091DA}.Release|Any CPU.Build.0 = Release|Any CPU
	EndGlobalSection
	GlobalSection(SolutionProperties) = preSolution
		HideSolutionNode = FALSE
	EndGlobalSection
	GlobalSection(ExtensibilityGlobals) = postSolution
		SolutionGuid = {34037F0F-288B-4DBB-A08C-3475E75A4E40}
	EndGlobalSection
EndGlobal
